
Microsoft Visual Studio Solution File, Format Version 12.00
# Visual Studio Version 17
VisualStudioVersion = 17.6.33815.320
MinimumVisualStudioVersion = 10.0.40219.1
Project("{FAE04EC0-301F-11D3-BF4B-00C04F79EFBC}") = "Bastion", "Bastion\Bastion.csproj", "{CC2F3F3B-D960-4838-BDDC-7B148E0A1C8E}"
EndProject
Project("{FAE04EC0-301F-11D3-BF4B-00C04F79EFBC}") = "CakeBuild", "CakeBuild\CakeBuild.csproj", "{0C7160F7-777C-4C15-8569-96671DD3ECC3}"
EndProject
Global
	GlobalSection(SolutionConfigurationPlatforms) = preSolution
		Debug|Any CPU = Debug|Any CPU
		Release|Any CPU = Release|Any CPU
	EndGlobalSection
	GlobalSection(ProjectConfigurationPlatforms) = postSolution
		{CC2F3F3B-D960-4838-BDDC-7B148E0A1C8E}.Debug|Any CPU.ActiveCfg = Debug|Any CPU
		{CC2F3F3B-D960-4838-BDDC-7B148E0A1C8E}.Debug|Any CPU.Build.0 = Debug|Any CPU
		{CC2F3F3B-D960-4838-BDDC-7B148E0A1C8E}.Release|Any CPU.ActiveCfg = Release|Any CPU
		{CC2F3F3B-D960-4838-BDDC-7B148E0A1C8E}.Release|Any CPU.Build.0 = Release|Any CPU
		{0C7160F7-777C-4C15-8569-96671DD3ECC3}.Debug|Any CPU.ActiveCfg = Debug|Any CPU
		{0C7160F7-777C-4C15-8569-96671DD3ECC3}.Debug|Any CPU.Build.0 = Debug|Any CPU
		{0C7160F7-777C-4C15-8569-96671DD3ECC3}.Release|Any CPU.ActiveCfg = Release|Any CPU
		{0C7160F7-777C-4C15-8569-96671DD3ECC3}.Release|Any CPU.Build.0 = Release|Any CPU
	EndGlobalSection
	GlobalSection(SolutionProperties) = preSolution
		HideSolutionNode = FALSE
	EndGlobalSection
	GlobalSection(ExtensibilityGlobals) = postSolution
		SolutionGuid = {6DA812E7-2026-4719-99C8-7345AAC0438B}
	EndGlobalSection
EndGlobal
